
Microsoft Visual Studio Solution File, Format Version 12.00
# Visual Studio Version 16
VisualStudioVersion = 16.0.29409.12
MinimumVisualStudioVersion = 10.0.40219.1
Project("{D954291E-2A0B-460D-934E-DC6B0785DB48}") = "UnoPlayer.Shared", "UnoPlayer\UnoPlayer.Shared\UnoPlayer.Shared.shproj", "{6279C845-92F8-4333-AB99-3D213163593C}"
EndProject
Project("{FAE04EC0-301F-11D3-BF4B-00C04F79EFBC}") = "UnoPlayer.Droid", "UnoPlayer\UnoPlayer.Droid\UnoPlayer.Droid.csproj", "{F49B1FAC-77E5-44C3-B1E8-01F14F9B8F52}"
EndProject
Project("{FAE04EC0-301F-11D3-BF4B-00C04F79EFBC}") = "UnoPlayer.UWP", "UnoPlayer\UnoPlayer.UWP\UnoPlayer.UWP.csproj", "{711938FE-9674-4446-8F52-2E63A64CD81D}"
EndProject
Global
	GlobalSection(SharedMSBuildProjectFiles) = preSolution
		UnoPlayer\UnoPlayer.Shared\UnoPlayer.Shared.projitems*{6279c845-92f8-4333-ab99-3d213163593c}*SharedItemsImports = 13
		UnoPlayer\UnoPlayer.Shared\UnoPlayer.Shared.projitems*{711938fe-9674-4446-8f52-2e63a64cd81d}*SharedItemsImports = 4
		UnoPlayer\UnoPlayer.Shared\UnoPlayer.Shared.projitems*{f49b1fac-77e5-44c3-b1e8-01f14f9b8f52}*SharedItemsImports = 4
	EndGlobalSection
	GlobalSection(SolutionConfigurationPlatforms) = preSolution
		Ad-Hoc|Any CPU = Ad-Hoc|Any CPU
		Ad-Hoc|ARM = Ad-Hoc|ARM
		Ad-Hoc|iPhone = Ad-Hoc|iPhone
		Ad-Hoc|iPhoneSimulator = Ad-Hoc|iPhoneSimulator
		Ad-Hoc|x64 = Ad-Hoc|x64
		Ad-Hoc|x86 = Ad-Hoc|x86
		AppStore|Any CPU = AppStore|Any CPU
		AppStore|ARM = AppStore|ARM
		AppStore|iPhone = AppStore|iPhone
		AppStore|iPhoneSimulator = AppStore|iPhoneSimulator
		AppStore|x64 = AppStore|x64
		AppStore|x86 = AppStore|x86
		Debug|Any CPU = Debug|Any CPU
		Debug|ARM = Debug|ARM
		Debug|iPhone = Debug|iPhone
		Debug|iPhoneSimulator = Debug|iPhoneSimulator
		Debug|x64 = Debug|x64
		Debug|x86 = Debug|x86
		Release|Any CPU = Release|Any CPU
		Release|ARM = Release|ARM
		Release|iPhone = Release|iPhone
		Release|iPhoneSimulator = Release|iPhoneSimulator
		Release|x64 = Release|x64
		Release|x86 = Release|x86
	EndGlobalSection
	GlobalSection(ProjectConfigurationPlatforms) = postSolution
		{F49B1FAC-77E5-44C3-B1E8-01F14F9B8F52}.Ad-Hoc|Any CPU.ActiveCfg = Release|Any CPU
		{F49B1FAC-77E5-44C3-B1E8-01F14F9B8F52}.Ad-Hoc|Any CPU.Build.0 = Release|Any CPU
		{F49B1FAC-77E5-44C3-B1E8-01F14F9B8F52}.Ad-Hoc|Any CPU.Deploy.0 = Release|Any CPU
		{F49B1FAC-77E5-44C3-B1E8-01F14F9B8F52}.Ad-Hoc|ARM.ActiveCfg = Release|Any CPU
		{F49B1FAC-77E5-44C3-B1E8-01F14F9B8F52}.Ad-Hoc|ARM.Build.0 = Release|Any CPU
		{F49B1FAC-77E5-44C3-B1E8-01F14F9B8F52}.Ad-Hoc|ARM.Deploy.0 = Release|Any CPU
		{F49B1FAC-77E5-44C3-B1E8-01F14F9B8F52}.Ad-Hoc|iPhone.ActiveCfg = Release|Any CPU
		{F49B1FAC-77E5-44C3-B1E8-01F14F9B8F52}.Ad-Hoc|iPhone.Build.0 = Release|Any CPU
		{F49B1FAC-77E5-44C3-B1E8-01F14F9B8F52}.Ad-Hoc|iPhone.Deploy.0 = Release|Any CPU
		{F49B1FAC-77E5-44C3-B1E8-01F14F9B8F52}.Ad-Hoc|iPhoneSimulator.ActiveCfg = Release|Any CPU
		{F49B1FAC-77E5-44C3-B1E8-01F14F9B8F52}.Ad-Hoc|iPhoneSimulator.Build.0 = Release|Any CPU
		{F49B1FAC-77E5-44C3-B1E8-01F14F9B8F52}.Ad-Hoc|iPhoneSimulator.Deploy.0 = Release|Any CPU
		{F49B1FAC-77E5-44C3-B1E8-01F14F9B8F52}.Ad-Hoc|x64.ActiveCfg = Release|Any CPU
		{F49B1FAC-77E5-44C3-B1E8-01F14F9B8F52}.Ad-Hoc|x64.Build.0 = Release|Any CPU
		{F49B1FAC-77E5-44C3-B1E8-01F14F9B8F52}.Ad-Hoc|x64.Deploy.0 = Release|Any CPU
		{F49B1FAC-77E5-44C3-B1E8-01F14F9B8F52}.Ad-Hoc|x86.ActiveCfg = Release|Any CPU
		{F49B1FAC-77E5-44C3-B1E8-01F14F9B8F52}.Ad-Hoc|x86.Build.0 = Release|Any CPU
		{F49B1FAC-77E5-44C3-B1E8-01F14F9B8F52}.Ad-Hoc|x86.Deploy.0 = Release|Any CPU
		{F49B1FAC-77E5-44C3-B1E8-01F14F9B8F52}.AppStore|Any CPU.ActiveCfg = Release|Any CPU
		{F49B1FAC-77E5-44C3-B1E8-01F14F9B8F52}.AppStore|Any CPU.Build.0 = Release|Any CPU
		{F49B1FAC-77E5-44C3-B1E8-01F14F9B8F52}.AppStore|Any CPU.Deploy.0 = Release|Any CPU
		{F49B1FAC-77E5-44C3-B1E8-01F14F9B8F52}.AppStore|ARM.ActiveCfg = Release|Any CPU
		{F49B1FAC-77E5-44C3-B1E8-01F14F9B8F52}.AppStore|ARM.Build.0 = Release|Any CPU
		{F49B1FAC-77E5-44C3-B1E8-01F14F9B8F52}.AppStore|ARM.Deploy.0 = Release|Any CPU
		{F49B1FAC-77E5-44C3-B1E8-01F14F9B8F52}.AppStore|iPhone.ActiveCfg = Release|Any CPU
		{F49B1FAC-77E5-44C3-B1E8-01F14F9B8F52}.AppStore|iPhone.Build.0 = Release|Any CPU
		{F49B1FAC-77E5-44C3-B1E8-01F14F9B8F52}.AppStore|iPhone.Deploy.0 = Release|Any CPU
		{F49B1FAC-77E5-44C3-B1E8-01F14F9B8F52}.AppStore|iPhoneSimulator.ActiveCfg = Release|Any CPU
		{F49B1FAC-77E5-44C3-B1E8-01F14F9B8F52}.AppStore|iPhoneSimulator.Build.0 = Release|Any CPU
		{F49B1FAC-77E5-44C3-B1E8-01F14F9B8F52}.AppStore|iPhoneSimulator.Deploy.0 = Release|Any CPU
		{F49B1FAC-77E5-44C3-B1E8-01F14F9B8F52}.AppStore|x64.ActiveCfg = Release|Any CPU
		{F49B1FAC-77E5-44C3-B1E8-01F14F9B8F52}.AppStore|x64.Build.0 = Release|Any CPU
		{F49B1FAC-77E5-44C3-B1E8-01F14F9B8F52}.AppStore|x64.Deploy.0 = Release|Any CPU
		{F49B1FAC-77E5-44C3-B1E8-01F14F9B8F52}.AppStore|x86.ActiveCfg = Release|Any CPU
		{F49B1FAC-77E5-44C3-B1E8-01F14F9B8F52}.AppStore|x86.Build.0 = Release|Any CPU
		{F49B1FAC-77E5-44C3-B1E8-01F14F9B8F52}.AppStore|x86.Deploy.0 = Release|Any CPU
		{F49B1FAC-77E5-44C3-B1E8-01F14F9B8F52}.Debug|Any CPU.ActiveCfg = Debug|Any CPU
		{F49B1FAC-77E5-44C3-B1E8-01F14F9B8F52}.Debug|Any CPU.Build.0 = Debug|Any CPU
		{F49B1FAC-77E5-44C3-B1E8-01F14F9B8F52}.Debug|Any CPU.Deploy.0 = Debug|Any CPU
		{F49B1FAC-77E5-44C3-B1E8-01F14F9B8F52}.Debug|ARM.ActiveCfg = Debug|Any CPU
		{F49B1FAC-77E5-44C3-B1E8-01F14F9B8F52}.Debug|ARM.Build.0 = Debug|Any CPU
		{F49B1FAC-77E5-44C3-B1E8-01F14F9B8F52}.Debug|ARM.Deploy.0 = Debug|Any CPU
		{F49B1FAC-77E5-44C3-B1E8-01F14F9B8F52}.Debug|iPhone.ActiveCfg = Debug|Any CPU
		{F49B1FAC-77E5-44C3-B1E8-01F14F9B8F52}.Debug|iPhone.Build.0 = Debug|Any CPU
		{F49B1FAC-77E5-44C3-B1E8-01F14F9B8F52}.Debug|iPhone.Deploy.0 = Debug|Any CPU
		{F49B1FAC-77E5-44C3-B1E8-01F14F9B8F52}.Debug|iPhoneSimulator.ActiveCfg = Debug|Any CPU
		{F49B1FAC-77E5-44C3-B1E8-01F14F9B8F52}.Debug|iPhoneSimulator.Build.0 = Debug|Any CPU
		{F49B1FAC-77E5-44C3-B1E8-01F14F9B8F52}.Debug|iPhoneSimulator.Deploy.0 = Debug|Any CPU
		{F49B1FAC-77E5-44C3-B1E8-01F14F9B8F52}.Debug|x64.ActiveCfg = Debug|Any CPU
		{F49B1FAC-77E5-44C3-B1E8-01F14F9B8F52}.Debug|x64.Build.0 = Debug|Any CPU
		{F49B1FAC-77E5-44C3-B1E8-01F14F9B8F52}.Debug|x64.Deploy.0 = Debug|Any CPU
		{F49B1FAC-77E5-44C3-B1E8-01F14F9B8F52}.Debug|x86.ActiveCfg = Debug|Any CPU
		{F49B1FAC-77E5-44C3-B1E8-01F14F9B8F52}.Debug|x86.Build.0 = Debug|Any CPU
		{F49B1FAC-77E5-44C3-B1E8-01F14F9B8F52}.Debug|x86.Deploy.0 = Debug|Any CPU
		{F49B1FAC-77E5-44C3-B1E8-01F14F9B8F52}.Release|Any CPU.ActiveCfg = Release|Any CPU
		{F49B1FAC-77E5-44C3-B1E8-01F14F9B8F52}.Release|Any CPU.Build.0 = Release|Any CPU
		{F49B1FAC-77E5-44C3-B1E8-01F14F9B8F52}.Release|Any CPU.Deploy.0 = Release|Any CPU
		{F49B1FAC-77E5-44C3-B1E8-01F14F9B8F52}.Release|ARM.ActiveCfg = Release|Any CPU
		{F49B1FAC-77E5-44C3-B1E8-01F14F9B8F52}.Release|ARM.Build.0 = Release|Any CPU
		{F49B1FAC-77E5-44C3-B1E8-01F14F9B8F52}.Release|ARM.Deploy.0 = Release|Any CPU
		{F49B1FAC-77E5-44C3-B1E8-01F14F9B8F52}.Release|iPhone.ActiveCfg = Release|Any CPU
		{F49B1FAC-77E5-44C3-B1E8-01F14F9B8F52}.Release|iPhone.Build.0 = Release|Any CPU
		{F49B1FAC-77E5-44C3-B1E8-01F14F9B8F52}.Release|iPhone.Deploy.0 = Release|Any CPU
		{F49B1FAC-77E5-44C3-B1E8-01F14F9B8F52}.Release|iPhoneSimulator.ActiveCfg = Release|Any CPU
		{F49B1FAC-77E5-44C3-B1E8-01F14F9B8F52}.Release|iPhoneSimulator.Build.0 = Release|Any CPU
		{F49B1FAC-77E5-44C3-B1E8-01F14F9B8F52}.Release|iPhoneSimulator.Deploy.0 = Release|Any CPU
		{F49B1FAC-77E5-44C3-B1E8-01F14F9B8F52}.Release|x64.ActiveCfg = Release|Any CPU
		{F49B1FAC-77E5-44C3-B1E8-01F14F9B8F52}.Release|x64.Build.0 = Release|Any CPU
		{F49B1FAC-77E5-44C3-B1E8-01F14F9B8F52}.Release|x64.Deploy.0 = Release|Any CPU
		{F49B1FAC-77E5-44C3-B1E8-01F14F9B8F52}.Release|x86.ActiveCfg = Release|Any CPU
		{F49B1FAC-77E5-44C3-B1E8-01F14F9B8F52}.Release|x86.Build.0 = Release|Any CPU
		{F49B1FAC-77E5-44C3-B1E8-01F14F9B8F52}.Release|x86.Deploy.0 = Release|Any CPU
		{711938FE-9674-4446-8F52-2E63A64CD81D}.Ad-Hoc|Any CPU.ActiveCfg = Release|x64
		{711938FE-9674-4446-8F52-2E63A64CD81D}.Ad-Hoc|Any CPU.Build.0 = Release|x64
		{711938FE-9674-4446-8F52-2E63A64CD81D}.Ad-Hoc|Any CPU.Deploy.0 = Release|x64
		{711938FE-9674-4446-8F52-2E63A64CD81D}.Ad-Hoc|ARM.ActiveCfg = Release|ARM
		{711938FE-9674-4446-8F52-2E63A64CD81D}.Ad-Hoc|ARM.Build.0 = Release|ARM
		{711938FE-9674-4446-8F52-2E63A64CD81D}.Ad-Hoc|ARM.Deploy.0 = Release|ARM
		{711938FE-9674-4446-8F52-2E63A64CD81D}.Ad-Hoc|iPhone.ActiveCfg = Release|x64
		{711938FE-9674-4446-8F52-2E63A64CD81D}.Ad-Hoc|iPhone.Build.0 = Release|x64
		{711938FE-9674-4446-8F52-2E63A64CD81D}.Ad-Hoc|iPhone.Deploy.0 = Release|x64
		{711938FE-9674-4446-8F52-2E63A64CD81D}.Ad-Hoc|iPhoneSimulator.ActiveCfg = Release|x64
		{711938FE-9674-4446-8F52-2E63A64CD81D}.Ad-Hoc|iPhoneSimulator.Build.0 = Release|x64
		{711938FE-9674-4446-8F52-2E63A64CD81D}.Ad-Hoc|iPhoneSimulator.Deploy.0 = Release|x64
		{711938FE-9674-4446-8F52-2E63A64CD81D}.Ad-Hoc|x64.ActiveCfg = Release|x64
		{711938FE-9674-4446-8F52-2E63A64CD81D}.Ad-Hoc|x64.Build.0 = Release|x64
		{711938FE-9674-4446-8F52-2E63A64CD81D}.Ad-Hoc|x64.Deploy.0 = Release|x64
		{711938FE-9674-4446-8F52-2E63A64CD81D}.Ad-Hoc|x86.ActiveCfg = Release|x86
		{711938FE-9674-4446-8F52-2E63A64CD81D}.Ad-Hoc|x86.Build.0 = Release|x86
		{711938FE-9674-4446-8F52-2E63A64CD81D}.Ad-Hoc|x86.Deploy.0 = Release|x86
		{711938FE-9674-4446-8F52-2E63A64CD81D}.AppStore|Any CPU.ActiveCfg = Release|x64
		{711938FE-9674-4446-8F52-2E63A64CD81D}.AppStore|Any CPU.Build.0 = Release|x64
		{711938FE-9674-4446-8F52-2E63A64CD81D}.AppStore|Any CPU.Deploy.0 = Release|x64
		{711938FE-9674-4446-8F52-2E63A64CD81D}.AppStore|ARM.ActiveCfg = Release|ARM
		{711938FE-9674-4446-8F52-2E63A64CD81D}.AppStore|ARM.Build.0 = Release|ARM
		{711938FE-9674-4446-8F52-2E63A64CD81D}.AppStore|ARM.Deploy.0 = Release|ARM
		{711938FE-9674-4446-8F52-2E63A64CD81D}.AppStore|iPhone.ActiveCfg = Release|x64
		{711938FE-9674-4446-8F52-2E63A64CD81D}.AppStore|iPhone.Build.0 = Release|x64
		{711938FE-9674-4446-8F52-2E63A64CD81D}.AppStore|iPhone.Deploy.0 = Release|x64
		{711938FE-9674-4446-8F52-2E63A64CD81D}.AppStore|iPhoneSimulator.ActiveCfg = Release|x64
		{711938FE-9674-4446-8F52-2E63A64CD81D}.AppStore|iPhoneSimulator.Build.0 = Release|x64
		{711938FE-9674-4446-8F52-2E63A64CD81D}.AppStore|iPhoneSimulator.Deploy.0 = Release|x64
		{711938FE-9674-4446-8F52-2E63A64CD81D}.AppStore|x64.ActiveCfg = Release|x64
		{711938FE-9674-4446-8F52-2E63A64CD81D}.AppStore|x64.Build.0 = Release|x64
		{711938FE-9674-4446-8F52-2E63A64CD81D}.AppStore|x64.Deploy.0 = Release|x64
		{711938FE-9674-4446-8F52-2E63A64CD81D}.AppStore|x86.ActiveCfg = Release|x86
		{711938FE-9674-4446-8F52-2E63A64CD81D}.AppStore|x86.Build.0 = Release|x86
		{711938FE-9674-4446-8F52-2E63A64CD81D}.AppStore|x86.Deploy.0 = Release|x86
		{711938FE-9674-4446-8F52-2E63A64CD81D}.Debug|Any CPU.ActiveCfg = Debug|x86
		{711938FE-9674-4446-8F52-2E63A64CD81D}.Debug|ARM.ActiveCfg = Debug|ARM
		{711938FE-9674-4446-8F52-2E63A64CD81D}.Debug|ARM.Build.0 = Debug|ARM
		{711938FE-9674-4446-8F52-2E63A64CD81D}.Debug|ARM.Deploy.0 = Debug|ARM
		{711938FE-9674-4446-8F52-2E63A64CD81D}.Debug|iPhone.ActiveCfg = Debug|x86
		{711938FE-9674-4446-8F52-2E63A64CD81D}.Debug|iPhoneSimulator.ActiveCfg = Debug|x86
		{711938FE-9674-4446-8F52-2E63A64CD81D}.Debug|x64.ActiveCfg = Debug|x64
		{711938FE-9674-4446-8F52-2E63A64CD81D}.Debug|x64.Build.0 = Debug|x64
		{711938FE-9674-4446-8F52-2E63A64CD81D}.Debug|x64.Deploy.0 = Debug|x64
		{711938FE-9674-4446-8F52-2E63A64CD81D}.Debug|x86.ActiveCfg = Debug|x86
		{711938FE-9674-4446-8F52-2E63A64CD81D}.Debug|x86.Build.0 = Debug|x86
		{711938FE-9674-4446-8F52-2E63A64CD81D}.Debug|x86.Deploy.0 = Debug|x86
		{711938FE-9674-4446-8F52-2E63A64CD81D}.Release|Any CPU.ActiveCfg = Release|x86
		{711938FE-9674-4446-8F52-2E63A64CD81D}.Release|ARM.ActiveCfg = Release|ARM
		{711938FE-9674-4446-8F52-2E63A64CD81D}.Release|ARM.Build.0 = Release|ARM
		{711938FE-9674-4446-8F52-2E63A64CD81D}.Release|ARM.Deploy.0 = Release|ARM
		{711938FE-9674-4446-8F52-2E63A64CD81D}.Release|iPhone.ActiveCfg = Release|x86
		{711938FE-9674-4446-8F52-2E63A64CD81D}.Release|iPhoneSimulator.ActiveCfg = Release|x86
		{711938FE-9674-4446-8F52-2E63A64CD81D}.Release|x64.ActiveCfg = Release|x64
		{711938FE-9674-4446-8F52-2E63A64CD81D}.Release|x64.Build.0 = Release|x64
		{711938FE-9674-4446-8F52-2E63A64CD81D}.Release|x64.Deploy.0 = Release|x64
		{711938FE-9674-4446-8F52-2E63A64CD81D}.Release|x86.ActiveCfg = Release|x86
		{711938FE-9674-4446-8F52-2E63A64CD81D}.Release|x86.Build.0 = Release|x86
		{711938FE-9674-4446-8F52-2E63A64CD81D}.Release|x86.Deploy.0 = Release|x86
	EndGlobalSection
	GlobalSection(SolutionProperties) = preSolution
		HideSolutionNode = FALSE
	EndGlobalSection
	GlobalSection(ExtensibilityGlobals) = postSolution
		SolutionGuid = {8BA6E8E2-6088-4A47-95A6-537B7456EBB3}
	EndGlobalSection
EndGlobal
